
Microsoft Visual Studio Solution File, Format Version 12.00
# Visual Studio Version 16
VisualStudioVersion = 16.0.32106.194
MinimumVisualStudioVersion = 10.0.40219.1
Project("{FAE04EC0-301F-11D3-BF4B-00C04F79EFBC}") = "MembershipApp", "MembershipApp\MembershipApp.csproj", "{9A20CF2B-CD84-483C-B10C-7FC151E3446B}"
EndProject
Global
	GlobalSection(SolutionConfigurationPlatforms) = preSolution
		Debug|Any CPU = Debug|Any CPU
		Release|Any CPU = Release|Any CPU
	EndGlobalSection
	GlobalSection(ProjectConfigurationPlatforms) = postSolution
		{9A20CF2B-CD84-483C-B10C-7FC151E3446B}.Debug|Any CPU.ActiveCfg = Debug|Any CPU
		{9A20CF2B-CD84-483C-B10C-7FC151E3446B}.Debug|Any CPU.Build.0 = Debug|Any CPU
		{9A20CF2B-CD84-483C-B10C-7FC151E3446B}.Release|Any CPU.ActiveCfg = Release|Any CPU
		{9A20CF2B-CD84-483C-B10C-7FC151E3446B}.Release|Any CPU.Build.0 = Release|Any CPU
	EndGlobalSection
	GlobalSection(SolutionProperties) = preSolution
		HideSolutionNode = FALSE
	EndGlobalSection
	GlobalSection(ExtensibilityGlobals) = postSolution
		SolutionGuid = {A0BDBBC5-FDDC-4718-BFBE-8943E92F967F}
	EndGlobalSection
EndGlobal
